
Microsoft Visual Studio Solution File, Format Version 11.00
# Visual Studio 2010
Project("{FAE04EC0-301F-11D3-BF4B-00C04F79EFBC}") = "AlephVault.Unity.EVMGames.Runtime", "AlephVault.Unity.EVMGames.Runtime.csproj", "{808bced6-0a29-5bed-2ae7-bec8f4baa9dd}"
EndProject
Project("{FAE04EC0-301F-11D3-BF4B-00C04F79EFBC}") = "GameMeanMachine.Unity.GabTab.Runtime", "GameMeanMachine.Unity.GabTab.Runtime.csproj", "{0118579c-d61a-42de-e6d8-911ac10d3866}"
EndProject
Project("{FAE04EC0-301F-11D3-BF4B-00C04F79EFBC}") = "AlephVault.Unity.Meetgard.Runtime", "AlephVault.Unity.Meetgard.Runtime.csproj", "{c105d9dd-5e5f-350e-49a9-6f1fb2996c59}"
EndProject
Project("{FAE04EC0-301F-11D3-BF4B-00C04F79EFBC}") = "GameMeanMachine.Unity.WindRose.SpriteUtils.Runtime", "GameMeanMachine.Unity.WindRose.SpriteUtils.Runtime.csproj", "{9fec95f0-3e7f-a71a-4d22-fa4e47ff5db8}"
EndProject
Project("{FAE04EC0-301F-11D3-BF4B-00C04F79EFBC}") = "GameMeanMachine.Unity.WindRose.Runtime", "GameMeanMachine.Unity.WindRose.Runtime.csproj", "{f65c68fa-8c14-46d0-5ca6-9f1ac658a089}"
EndProject
Project("{FAE04EC0-301F-11D3-BF4B-00C04F79EFBC}") = "AlephVault.Unity.SpriteUtils.Samples", "AlephVault.Unity.SpriteUtils.Samples.csproj", "{cb4e3e22-0ede-d47c-0fb6-56052115713b}"
EndProject
Project("{FAE04EC0-301F-11D3-BF4B-00C04F79EFBC}") = "GameMeanMachine.Unity.WindRose.RefMapChars.Runtime", "GameMeanMachine.Unity.WindRose.RefMapChars.Runtime.csproj", "{70d8d971-d5ad-ed1a-f736-9b6ba5582bdd}"
EndProject
Project("{FAE04EC0-301F-11D3-BF4B-00C04F79EFBC}") = "AlephVault.Unity.RemoteStorage.Samples", "AlephVault.Unity.RemoteStorage.Samples.csproj", "{9b53e9b0-d97c-130f-5013-18993168527d}"
EndProject
Project("{FAE04EC0-301F-11D3-BF4B-00C04F79EFBC}") = "AlephVault.Unity.EVMGames.Auth.Samples", "AlephVault.Unity.EVMGames.Auth.Samples.csproj", "{59863556-9340-7f01-9d79-2639df5d999c}"
EndProject
Project("{FAE04EC0-301F-11D3-BF4B-00C04F79EFBC}") = "AlephVault.Unity.Meetgard.Scopes.Runtime", "AlephVault.Unity.Meetgard.Scopes.Runtime.csproj", "{fdddde09-1db6-e936-5099-ba820d5ea2df}"
EndProject
Project("{FAE04EC0-301F-11D3-BF4B-00C04F79EFBC}") = "GameMeanMachine.Unity.BackPack.Runtime", "GameMeanMachine.Unity.BackPack.Runtime.csproj", "{8a49e174-c0f4-a390-1014-22601f7174f7}"
EndProject
Project("{FAE04EC0-301F-11D3-BF4B-00C04F79EFBC}") = "AlephVault.Unity.Meetgard.Scopes.Samples", "AlephVault.Unity.Meetgard.Scopes.Samples.csproj", "{cb21d156-f7c8-e2c3-4b46-1454029d4a13}"
EndProject
Project("{FAE04EC0-301F-11D3-BF4B-00C04F79EFBC}") = "AlephVault.Unity.EVMGames.LiveCache.Samples", "AlephVault.Unity.EVMGames.LiveCache.Samples.csproj", "{3b91e908-1402-05e0-d297-070dd3b1893b}"
EndProject
Project("{FAE04EC0-301F-11D3-BF4B-00C04F79EFBC}") = "AlephVault.Unity.EVMGames.Auth.Runtime", "AlephVault.Unity.EVMGames.Auth.Runtime.csproj", "{acca8e23-7a7a-5c22-a49a-a25903f00fb9}"
EndProject
Project("{FAE04EC0-301F-11D3-BF4B-00C04F79EFBC}") = "AlephVault.Unity.Binary.Runtime", "AlephVault.Unity.Binary.Runtime.csproj", "{e97db9fa-e371-1714-36b1-77f47b87e68b}"
EndProject
Project("{FAE04EC0-301F-11D3-BF4B-00C04F79EFBC}") = "AlephVault.Unity.Meetgard.Auth.Samples", "AlephVault.Unity.Meetgard.Auth.Samples.csproj", "{f6896e04-908a-47bb-71e4-794d0986a90a}"
EndProject
Project("{FAE04EC0-301F-11D3-BF4B-00C04F79EFBC}") = "GameMeanMachine.Unity.NetRose.Runtime", "GameMeanMachine.Unity.NetRose.Runtime.csproj", "{47c91177-6039-99db-5de8-73d59b12ea1c}"
EndProject
Project("{FAE04EC0-301F-11D3-BF4B-00C04F79EFBC}") = "AlephVault.Unity.RemoteStorage.Runtime", "AlephVault.Unity.RemoteStorage.Runtime.csproj", "{642aa7e5-28b4-90cc-d57a-65eeb8daec97}"
EndProject
Project("{FAE04EC0-301F-11D3-BF4B-00C04F79EFBC}") = "GameMeanMachine.Unity.NetRose.Samples", "GameMeanMachine.Unity.NetRose.Samples.csproj", "{f581d097-62c1-3d16-666c-aa67d0a7ec79}"
EndProject
Project("{FAE04EC0-301F-11D3-BF4B-00C04F79EFBC}") = "GameMeanMachine.Unity.WindRose.BackPack.Runtime", "GameMeanMachine.Unity.WindRose.BackPack.Runtime.csproj", "{9f3ed7c7-83d4-6ef4-a34b-3ae454c64eb8}"
EndProject
Project("{FAE04EC0-301F-11D3-BF4B-00C04F79EFBC}") = "AlephVault.Unity.SpriteUtils.Runtime", "AlephVault.Unity.SpriteUtils.Runtime.csproj", "{4265055e-3da4-42de-7f27-edf961c306fb}"
EndProject
Project("{FAE04EC0-301F-11D3-BF4B-00C04F79EFBC}") = "AlephVault.Unity.Support.Runtime", "AlephVault.Unity.Support.Runtime.csproj", "{8b2c4eb2-9fae-7037-bddd-bee8dfe65f55}"
EndProject
Project("{FAE04EC0-301F-11D3-BF4B-00C04F79EFBC}") = "AlephVault.Unity.EVMGames.LiveCache.Runtime", "AlephVault.Unity.EVMGames.LiveCache.Runtime.csproj", "{8f87f980-2369-8915-2d68-08754de24da1}"
EndProject
Project("{FAE04EC0-301F-11D3-BF4B-00C04F79EFBC}") = "GameMeanMachine.Unity.WindRose.Biomes.Samples", "GameMeanMachine.Unity.WindRose.Biomes.Samples.csproj", "{00972049-a5d1-9190-fb81-2615594932e3}"
EndProject
Project("{FAE04EC0-301F-11D3-BF4B-00C04F79EFBC}") = "GameMeanMachine.Unity.WindRose.SpriteUtils.Samples", "GameMeanMachine.Unity.WindRose.SpriteUtils.Samples.csproj", "{55240f81-7d92-4b6e-a66f-c4c33cb56d7d}"
EndProject
Project("{FAE04EC0-301F-11D3-BF4B-00C04F79EFBC}") = "AlephVault.Unity.Meetgard.Samples", "AlephVault.Unity.Meetgard.Samples.csproj", "{12c0c73d-8e04-a987-065c-30e35bc1a74c}"
EndProject
Project("{FAE04EC0-301F-11D3-BF4B-00C04F79EFBC}") = "GameMeanMachine.Unity.WindRose.CubeWorlds.Runtime", "GameMeanMachine.Unity.WindRose.CubeWorlds.Runtime.csproj", "{486b36ec-83a5-dfd1-9757-ededb7a2aa5f}"
EndProject
Project("{FAE04EC0-301F-11D3-BF4B-00C04F79EFBC}") = "AlephVault.Unity.Meetgard.Auth.Runtime", "AlephVault.Unity.Meetgard.Auth.Runtime.csproj", "{84748b79-6c81-2fa4-2fe7-2f80fc3ee19e}"
EndProject
Project("{FAE04EC0-301F-11D3-BF4B-00C04F79EFBC}") = "AlephVault.Unity.EVMGames.Samples", "AlephVault.Unity.EVMGames.Samples.csproj", "{3216085f-8508-dc92-f396-268582307219}"
EndProject
Project("{FAE04EC0-301F-11D3-BF4B-00C04F79EFBC}") = "AlephVault.Unity.Support.Generic.Runtime", "AlephVault.Unity.Support.Generic.Runtime.csproj", "{a2dbfef4-26cd-0644-f0c2-b04ade821ac3}"
EndProject
Project("{FAE04EC0-301F-11D3-BF4B-00C04F79EFBC}") = "AlephVault.Unity.CamJam", "AlephVault.Unity.CamJam.csproj", "{ad88e7f3-6ae9-84c6-e74d-8f574c65446c}"
EndProject
Project("{FAE04EC0-301F-11D3-BF4B-00C04F79EFBC}") = "AlephVault.Unity.SoundAround", "AlephVault.Unity.SoundAround.csproj", "{32d79dd3-d779-0d23-d7af-103705b24cba}"
EndProject
Project("{FAE04EC0-301F-11D3-BF4B-00C04F79EFBC}") = "GameMeanMachine.Unity.WindRose.Biomes.Runtime", "GameMeanMachine.Unity.WindRose.Biomes.Runtime.csproj", "{013fcbb1-c30e-60c4-3c57-dc17853f8be4}"
EndProject
Project("{FAE04EC0-301F-11D3-BF4B-00C04F79EFBC}") = "AlephVault.Unity.TextureUtils.Samples", "AlephVault.Unity.TextureUtils.Samples.csproj", "{ebf57f33-3003-d9ef-cbac-43d322c1d65b}"
EndProject
Project("{FAE04EC0-301F-11D3-BF4B-00C04F79EFBC}") = "GameMeanMachine.Unity.WindRose.CubeWorlds.Samples", "GameMeanMachine.Unity.WindRose.CubeWorlds.Samples.csproj", "{73cbad93-0363-2c90-d920-3502c499bbf1}"
EndProject
Project("{FAE04EC0-301F-11D3-BF4B-00C04F79EFBC}") = "GameMeanMachine.Unity.WindRose.GabTab.Runtime", "GameMeanMachine.Unity.WindRose.GabTab.Runtime.csproj", "{fd1dc4d1-f784-029c-93ea-dca5a95d4c7e}"
EndProject
Project("{FAE04EC0-301F-11D3-BF4B-00C04F79EFBC}") = "AlephVault.Unity.TextureUtils.Runtime", "AlephVault.Unity.TextureUtils.Runtime.csproj", "{8446ba97-ea97-94fa-8b2a-7885aeef546b}"
EndProject
Project("{FAE04EC0-301F-11D3-BF4B-00C04F79EFBC}") = "GameMeanMachine.Unity.NetRose.RefMapChars.Runtime", "GameMeanMachine.Unity.NetRose.RefMapChars.Runtime.csproj", "{47013b86-1ca7-1a7c-1c58-53e4cc6ab868}"
EndProject
Project("{FAE04EC0-301F-11D3-BF4B-00C04F79EFBC}") = "GameMeanMachine.Unity.WindRose.RefMapChars.Editor", "GameMeanMachine.Unity.WindRose.RefMapChars.Editor.csproj", "{99d017b0-5982-2e83-ee03-d59c29cb8e5c}"
EndProject
Project("{FAE04EC0-301F-11D3-BF4B-00C04F79EFBC}") = "GameMeanMachine.Unity.WindRose.RefMapChars.Samples", "GameMeanMachine.Unity.WindRose.RefMapChars.Samples.csproj", "{061f1375-5253-585a-2706-bbd508529146}"
EndProject
Project("{FAE04EC0-301F-11D3-BF4B-00C04F79EFBC}") = "AlephVault.Unity.Layout.Runtime", "AlephVault.Unity.Layout.Runtime.csproj", "{078c7043-7970-c350-200a-34f326b446f6}"
EndProject
Project("{FAE04EC0-301F-11D3-BF4B-00C04F79EFBC}") = "AlephVault.Unity.IPFS.Samples", "AlephVault.Unity.IPFS.Samples.csproj", "{b0ca680a-2d13-f6a6-6afd-d0bcf1e51334}"
EndProject
Project("{FAE04EC0-301F-11D3-BF4B-00C04F79EFBC}") = "AlephVault.Unity.IPFS.Runtime", "AlephVault.Unity.IPFS.Runtime.csproj", "{943b04dd-afa3-d363-aee1-95a121b9d5ae}"
EndProject
Project("{FAE04EC0-301F-11D3-BF4B-00C04F79EFBC}") = "GameMeanMachine.Unity.WindRose.NeighbourTeleports.Samples", "GameMeanMachine.Unity.WindRose.NeighbourTeleports.Samples.csproj", "{cd7bc37d-323c-92f1-0e3d-9f689f370b42}"
EndProject
Project("{FAE04EC0-301F-11D3-BF4B-00C04F79EFBC}") = "GameMeanMachine.Unity.WindRose.NeighbourTeleports.Runtime", "GameMeanMachine.Unity.WindRose.NeighbourTeleports.Runtime.csproj", "{f6eee565-a71e-e29e-2bb9-ea267c391386}"
EndProject
Project("{FAE04EC0-301F-11D3-BF4B-00C04F79EFBC}") = "GameMeanMachine.Unity.NetRose.Storage.Editor", "GameMeanMachine.Unity.NetRose.Storage.Editor.csproj", "{2d68f644-a8a5-95cd-d895-2392b040a447}"
EndProject
Project("{FAE04EC0-301F-11D3-BF4B-00C04F79EFBC}") = "GameMeanMachine.Unity.NetRose.Editor", "GameMeanMachine.Unity.NetRose.Editor.csproj", "{be4abc1b-1649-8a0b-e264-f61c0300005b}"
EndProject
Project("{FAE04EC0-301F-11D3-BF4B-00C04F79EFBC}") = "GameMeanMachine.Unity.WindRose.Editor", "GameMeanMachine.Unity.WindRose.Editor.csproj", "{4cb1f4c2-f287-a615-c7a9-091b018d07fb}"
EndProject
Project("{FAE04EC0-301F-11D3-BF4B-00C04F79EFBC}") = "AlephVault.Unity.Meetgard.Auth.Editor", "AlephVault.Unity.Meetgard.Auth.Editor.csproj", "{406ee561-7531-9059-927d-7aaed28ce43a}"
EndProject
Project("{FAE04EC0-301F-11D3-BF4B-00C04F79EFBC}") = "AlephVault.Unity.Boilerplates.Editor", "AlephVault.Unity.Boilerplates.Editor.csproj", "{92ace289-181e-9ef5-a91d-43e1a5acec63}"
EndProject
Project("{FAE04EC0-301F-11D3-BF4B-00C04F79EFBC}") = "AlephVault.Unity.Meetgard.Editor", "AlephVault.Unity.Meetgard.Editor.csproj", "{1a46967a-2b3d-57e8-4ac3-fb72666b96e1}"
EndProject
Project("{FAE04EC0-301F-11D3-BF4B-00C04F79EFBC}") = "AlephVault.Unity.Support.Generic.Editor", "AlephVault.Unity.Support.Generic.Editor.csproj", "{dd95c86f-2e90-a316-eede-f7a6fc363c49}"
EndProject
Project("{FAE04EC0-301F-11D3-BF4B-00C04F79EFBC}") = "GameMeanMachine.Unity.GabTab.Editor", "GameMeanMachine.Unity.GabTab.Editor.csproj", "{b0a2a5c9-f2db-7aaa-ae13-017e62dc8176}"
EndProject
Project("{FAE04EC0-301F-11D3-BF4B-00C04F79EFBC}") = "GameMeanMachine.Unity.BackPack.Editor", "GameMeanMachine.Unity.BackPack.Editor.csproj", "{57c07231-6afd-bb43-b6c8-8a81e7323f75}"
EndProject
Project("{FAE04EC0-301F-11D3-BF4B-00C04F79EFBC}") = "GameMeanMachine.Unity.NetRose.RefMapChars.Editor", "GameMeanMachine.Unity.NetRose.RefMapChars.Editor.csproj", "{8bcfdaa0-fe51-3342-0c88-3a02fe44ba6f}"
EndProject
Project("{FAE04EC0-301F-11D3-BF4B-00C04F79EFBC}") = "GameMeanMachine.Unity.WindRose.BackPack.Editor", "GameMeanMachine.Unity.WindRose.BackPack.Editor.csproj", "{e877fe72-ebb0-0ef9-6bd0-e05191dc8951}"
EndProject
Project("{FAE04EC0-301F-11D3-BF4B-00C04F79EFBC}") = "GameMeanMachine.Unity.WindRose.GabTab.Editor", "GameMeanMachine.Unity.WindRose.GabTab.Editor.csproj", "{91b641d3-85e0-ad14-1197-d94a3f70352b}"
EndProject
Project("{FAE04EC0-301F-11D3-BF4B-00C04F79EFBC}") = "AlephVault.Unity.MenuActions.Editor", "AlephVault.Unity.MenuActions.Editor.csproj", "{794ae9a4-edc5-1e1e-a242-0461afef3fb3}"
EndProject
Global
	GlobalSection(SolutionConfigurationPlatforms) = preSolution
		Debug|Any CPU = Debug|Any CPU
		Release|Any CPU = Release|Any CPU
	EndGlobalSection
	GlobalSection(ProjectConfigurationPlatforms) = postSolution
		{808bced6-0a29-5bed-2ae7-bec8f4baa9dd}.Debug|Any CPU.ActiveCfg = Debug|Any CPU
		{808bced6-0a29-5bed-2ae7-bec8f4baa9dd}.Debug|Any CPU.Build.0 = Debug|Any CPU
		{808bced6-0a29-5bed-2ae7-bec8f4baa9dd}.Release|Any CPU.ActiveCfg = Release|Any CPU
		{808bced6-0a29-5bed-2ae7-bec8f4baa9dd}.Release|Any CPU.Build.0 = Release|Any CPU
		{0118579c-d61a-42de-e6d8-911ac10d3866}.Debug|Any CPU.ActiveCfg = Debug|Any CPU
		{0118579c-d61a-42de-e6d8-911ac10d3866}.Debug|Any CPU.Build.0 = Debug|Any CPU
		{0118579c-d61a-42de-e6d8-911ac10d3866}.Release|Any CPU.ActiveCfg = Release|Any CPU
		{0118579c-d61a-42de-e6d8-911ac10d3866}.Release|Any CPU.Build.0 = Release|Any CPU
		{c105d9dd-5e5f-350e-49a9-6f1fb2996c59}.Debug|Any CPU.ActiveCfg = Debug|Any CPU
		{c105d9dd-5e5f-350e-49a9-6f1fb2996c59}.Debug|Any CPU.Build.0 = Debug|Any CPU
		{c105d9dd-5e5f-350e-49a9-6f1fb2996c59}.Release|Any CPU.ActiveCfg = Release|Any CPU
		{c105d9dd-5e5f-350e-49a9-6f1fb2996c59}.Release|Any CPU.Build.0 = Release|Any CPU
		{9fec95f0-3e7f-a71a-4d22-fa4e47ff5db8}.Debug|Any CPU.ActiveCfg = Debug|Any CPU
		{9fec95f0-3e7f-a71a-4d22-fa4e47ff5db8}.Debug|Any CPU.Build.0 = Debug|Any CPU
		{9fec95f0-3e7f-a71a-4d22-fa4e47ff5db8}.Release|Any CPU.ActiveCfg = Release|Any CPU
		{9fec95f0-3e7f-a71a-4d22-fa4e47ff5db8}.Release|Any CPU.Build.0 = Release|Any CPU
		{f65c68fa-8c14-46d0-5ca6-9f1ac658a089}.Debug|Any CPU.ActiveCfg = Debug|Any CPU
		{f65c68fa-8c14-46d0-5ca6-9f1ac658a089}.Debug|Any CPU.Build.0 = Debug|Any CPU
		{f65c68fa-8c14-46d0-5ca6-9f1ac658a089}.Release|Any CPU.ActiveCfg = Release|Any CPU
		{f65c68fa-8c14-46d0-5ca6-9f1ac658a089}.Release|Any CPU.Build.0 = Release|Any CPU
		{cb4e3e22-0ede-d47c-0fb6-56052115713b}.Debug|Any CPU.ActiveCfg = Debug|Any CPU
		{cb4e3e22-0ede-d47c-0fb6-56052115713b}.Debug|Any CPU.Build.0 = Debug|Any CPU
		{cb4e3e22-0ede-d47c-0fb6-56052115713b}.Release|Any CPU.ActiveCfg = Release|Any CPU
		{cb4e3e22-0ede-d47c-0fb6-56052115713b}.Release|Any CPU.Build.0 = Release|Any CPU
		{70d8d971-d5ad-ed1a-f736-9b6ba5582bdd}.Debug|Any CPU.ActiveCfg = Debug|Any CPU
		{70d8d971-d5ad-ed1a-f736-9b6ba5582bdd}.Debug|Any CPU.Build.0 = Debug|Any CPU
		{70d8d971-d5ad-ed1a-f736-9b6ba5582bdd}.Release|Any CPU.ActiveCfg = Release|Any CPU
		{70d8d971-d5ad-ed1a-f736-9b6ba5582bdd}.Release|Any CPU.Build.0 = Release|Any CPU
		{9b53e9b0-d97c-130f-5013-18993168527d}.Debug|Any CPU.ActiveCfg = Debug|Any CPU
		{9b53e9b0-d97c-130f-5013-18993168527d}.Debug|Any CPU.Build.0 = Debug|Any CPU
		{9b53e9b0-d97c-130f-5013-18993168527d}.Release|Any CPU.ActiveCfg = Release|Any CPU
		{9b53e9b0-d97c-130f-5013-18993168527d}.Release|Any CPU.Build.0 = Release|Any CPU
		{59863556-9340-7f01-9d79-2639df5d999c}.Debug|Any CPU.ActiveCfg = Debug|Any CPU
		{59863556-9340-7f01-9d79-2639df5d999c}.Debug|Any CPU.Build.0 = Debug|Any CPU
		{59863556-9340-7f01-9d79-2639df5d999c}.Release|Any CPU.ActiveCfg = Release|Any CPU
		{59863556-9340-7f01-9d79-2639df5d999c}.Release|Any CPU.Build.0 = Release|Any CPU
		{fdddde09-1db6-e936-5099-ba820d5ea2df}.Debug|Any CPU.ActiveCfg = Debug|Any CPU
		{fdddde09-1db6-e936-5099-ba820d5ea2df}.Debug|Any CPU.Build.0 = Debug|Any CPU
		{fdddde09-1db6-e936-5099-ba820d5ea2df}.Release|Any CPU.ActiveCfg = Release|Any CPU
		{fdddde09-1db6-e936-5099-ba820d5ea2df}.Release|Any CPU.Build.0 = Release|Any CPU
		{8a49e174-c0f4-a390-1014-22601f7174f7}.Debug|Any CPU.ActiveCfg = Debug|Any CPU
		{8a49e174-c0f4-a390-1014-22601f7174f7}.Debug|Any CPU.Build.0 = Debug|Any CPU
		{8a49e174-c0f4-a390-1014-22601f7174f7}.Release|Any CPU.ActiveCfg = Release|Any CPU
		{8a49e174-c0f4-a390-1014-22601f7174f7}.Release|Any CPU.Build.0 = Release|Any CPU
		{cb21d156-f7c8-e2c3-4b46-1454029d4a13}.Debug|Any CPU.ActiveCfg = Debug|Any CPU
		{cb21d156-f7c8-e2c3-4b46-1454029d4a13}.Debug|Any CPU.Build.0 = Debug|Any CPU
		{cb21d156-f7c8-e2c3-4b46-1454029d4a13}.Release|Any CPU.ActiveCfg = Release|Any CPU
		{cb21d156-f7c8-e2c3-4b46-1454029d4a13}.Release|Any CPU.Build.0 = Release|Any CPU
		{3b91e908-1402-05e0-d297-070dd3b1893b}.Debug|Any CPU.ActiveCfg = Debug|Any CPU
		{3b91e908-1402-05e0-d297-070dd3b1893b}.Debug|Any CPU.Build.0 = Debug|Any CPU
		{3b91e908-1402-05e0-d297-070dd3b1893b}.Release|Any CPU.ActiveCfg = Release|Any CPU
		{3b91e908-1402-05e0-d297-070dd3b1893b}.Release|Any CPU.Build.0 = Release|Any CPU
		{acca8e23-7a7a-5c22-a49a-a25903f00fb9}.Debug|Any CPU.ActiveCfg = Debug|Any CPU
		{acca8e23-7a7a-5c22-a49a-a25903f00fb9}.Debug|Any CPU.Build.0 = Debug|Any CPU
		{acca8e23-7a7a-5c22-a49a-a25903f00fb9}.Release|Any CPU.ActiveCfg = Release|Any CPU
		{acca8e23-7a7a-5c22-a49a-a25903f00fb9}.Release|Any CPU.Build.0 = Release|Any CPU
		{e97db9fa-e371-1714-36b1-77f47b87e68b}.Debug|Any CPU.ActiveCfg = Debug|Any CPU
		{e97db9fa-e371-1714-36b1-77f47b87e68b}.Debug|Any CPU.Build.0 = Debug|Any CPU
		{e97db9fa-e371-1714-36b1-77f47b87e68b}.Release|Any CPU.ActiveCfg = Release|Any CPU
		{e97db9fa-e371-1714-36b1-77f47b87e68b}.Release|Any CPU.Build.0 = Release|Any CPU
		{f6896e04-908a-47bb-71e4-794d0986a90a}.Debug|Any CPU.ActiveCfg = Debug|Any CPU
		{f6896e04-908a-47bb-71e4-794d0986a90a}.Debug|Any CPU.Build.0 = Debug|Any CPU
		{f6896e04-908a-47bb-71e4-794d0986a90a}.Release|Any CPU.ActiveCfg = Release|Any CPU
		{f6896e04-908a-47bb-71e4-794d0986a90a}.Release|Any CPU.Build.0 = Release|Any CPU
		{47c91177-6039-99db-5de8-73d59b12ea1c}.Debug|Any CPU.ActiveCfg = Debug|Any CPU
		{47c91177-6039-99db-5de8-73d59b12ea1c}.Debug|Any CPU.Build.0 = Debug|Any CPU
		{47c91177-6039-99db-5de8-73d59b12ea1c}.Release|Any CPU.ActiveCfg = Release|Any CPU
		{47c91177-6039-99db-5de8-73d59b12ea1c}.Release|Any CPU.Build.0 = Release|Any CPU
		{642aa7e5-28b4-90cc-d57a-65eeb8daec97}.Debug|Any CPU.ActiveCfg = Debug|Any CPU
		{642aa7e5-28b4-90cc-d57a-65eeb8daec97}.Debug|Any CPU.Build.0 = Debug|Any CPU
		{642aa7e5-28b4-90cc-d57a-65eeb8daec97}.Release|Any CPU.ActiveCfg = Release|Any CPU
		{642aa7e5-28b4-90cc-d57a-65eeb8daec97}.Release|Any CPU.Build.0 = Release|Any CPU
		{f581d097-62c1-3d16-666c-aa67d0a7ec79}.Debug|Any CPU.ActiveCfg = Debug|Any CPU
		{f581d097-62c1-3d16-666c-aa67d0a7ec79}.Debug|Any CPU.Build.0 = Debug|Any CPU
		{f581d097-62c1-3d16-666c-aa67d0a7ec79}.Release|Any CPU.ActiveCfg = Release|Any CPU
		{f581d097-62c1-3d16-666c-aa67d0a7ec79}.Release|Any CPU.Build.0 = Release|Any CPU
		{9f3ed7c7-83d4-6ef4-a34b-3ae454c64eb8}.Debug|Any CPU.ActiveCfg = Debug|Any CPU
		{9f3ed7c7-83d4-6ef4-a34b-3ae454c64eb8}.Debug|Any CPU.Build.0 = Debug|Any CPU
		{9f3ed7c7-83d4-6ef4-a34b-3ae454c64eb8}.Release|Any CPU.ActiveCfg = Release|Any CPU
		{9f3ed7c7-83d4-6ef4-a34b-3ae454c64eb8}.Release|Any CPU.Build.0 = Release|Any CPU
		{4265055e-3da4-42de-7f27-edf961c306fb}.Debug|Any CPU.ActiveCfg = Debug|Any CPU
		{4265055e-3da4-42de-7f27-edf961c306fb}.Debug|Any CPU.Build.0 = Debug|Any CPU
		{4265055e-3da4-42de-7f27-edf961c306fb}.Release|Any CPU.ActiveCfg = Release|Any CPU
		{4265055e-3da4-42de-7f27-edf961c306fb}.Release|Any CPU.Build.0 = Release|Any CPU
		{8b2c4eb2-9fae-7037-bddd-bee8dfe65f55}.Debug|Any CPU.ActiveCfg = Debug|Any CPU
		{8b2c4eb2-9fae-7037-bddd-bee8dfe65f55}.Debug|Any CPU.Build.0 = Debug|Any CPU
		{8b2c4eb2-9fae-7037-bddd-bee8dfe65f55}.Release|Any CPU.ActiveCfg = Release|Any CPU
		{8b2c4eb2-9fae-7037-bddd-bee8dfe65f55}.Release|Any CPU.Build.0 = Release|Any CPU
		{8f87f980-2369-8915-2d68-08754de24da1}.Debug|Any CPU.ActiveCfg = Debug|Any CPU
		{8f87f980-2369-8915-2d68-08754de24da1}.Debug|Any CPU.Build.0 = Debug|Any CPU
		{8f87f980-2369-8915-2d68-08754de24da1}.Release|Any CPU.ActiveCfg = Release|Any CPU
		{8f87f980-2369-8915-2d68-08754de24da1}.Release|Any CPU.Build.0 = Release|Any CPU
		{00972049-a5d1-9190-fb81-2615594932e3}.Debug|Any CPU.ActiveCfg = Debug|Any CPU
		{00972049-a5d1-9190-fb81-2615594932e3}.Debug|Any CPU.Build.0 = Debug|Any CPU
		{00972049-a5d1-9190-fb81-2615594932e3}.Release|Any CPU.ActiveCfg = Release|Any CPU
		{00972049-a5d1-9190-fb81-2615594932e3}.Release|Any CPU.Build.0 = Release|Any CPU
		{55240f81-7d92-4b6e-a66f-c4c33cb56d7d}.Debug|Any CPU.ActiveCfg = Debug|Any CPU
		{55240f81-7d92-4b6e-a66f-c4c33cb56d7d}.Debug|Any CPU.Build.0 = Debug|Any CPU
		{55240f81-7d92-4b6e-a66f-c4c33cb56d7d}.Release|Any CPU.ActiveCfg = Release|Any CPU
		{55240f81-7d92-4b6e-a66f-c4c33cb56d7d}.Release|Any CPU.Build.0 = Release|Any CPU
		{12c0c73d-8e04-a987-065c-30e35bc1a74c}.Debug|Any CPU.ActiveCfg = Debug|Any CPU
		{12c0c73d-8e04-a987-065c-30e35bc1a74c}.Debug|Any CPU.Build.0 = Debug|Any CPU
		{12c0c73d-8e04-a987-065c-30e35bc1a74c}.Release|Any CPU.ActiveCfg = Release|Any CPU
		{12c0c73d-8e04-a987-065c-30e35bc1a74c}.Release|Any CPU.Build.0 = Release|Any CPU
		{486b36ec-83a5-dfd1-9757-ededb7a2aa5f}.Debug|Any CPU.ActiveCfg = Debug|Any CPU
		{486b36ec-83a5-dfd1-9757-ededb7a2aa5f}.Debug|Any CPU.Build.0 = Debug|Any CPU
		{486b36ec-83a5-dfd1-9757-ededb7a2aa5f}.Release|Any CPU.ActiveCfg = Release|Any CPU
		{486b36ec-83a5-dfd1-9757-ededb7a2aa5f}.Release|Any CPU.Build.0 = Release|Any CPU
		{84748b79-6c81-2fa4-2fe7-2f80fc3ee19e}.Debug|Any CPU.ActiveCfg = Debug|Any CPU
		{84748b79-6c81-2fa4-2fe7-2f80fc3ee19e}.Debug|Any CPU.Build.0 = Debug|Any CPU
		{84748b79-6c81-2fa4-2fe7-2f80fc3ee19e}.Release|Any CPU.ActiveCfg = Release|Any CPU
		{84748b79-6c81-2fa4-2fe7-2f80fc3ee19e}.Release|Any CPU.Build.0 = Release|Any CPU
		{3216085f-8508-dc92-f396-268582307219}.Debug|Any CPU.ActiveCfg = Debug|Any CPU
		{3216085f-8508-dc92-f396-268582307219}.Debug|Any CPU.Build.0 = Debug|Any CPU
		{3216085f-8508-dc92-f396-268582307219}.Release|Any CPU.ActiveCfg = Release|Any CPU
		{3216085f-8508-dc92-f396-268582307219}.Release|Any CPU.Build.0 = Release|Any CPU
		{a2dbfef4-26cd-0644-f0c2-b04ade821ac3}.Debug|Any CPU.ActiveCfg = Debug|Any CPU
		{a2dbfef4-26cd-0644-f0c2-b04ade821ac3}.Debug|Any CPU.Build.0 = Debug|Any CPU
		{a2dbfef4-26cd-0644-f0c2-b04ade821ac3}.Release|Any CPU.ActiveCfg = Release|Any CPU
		{a2dbfef4-26cd-0644-f0c2-b04ade821ac3}.Release|Any CPU.Build.0 = Release|Any CPU
		{ad88e7f3-6ae9-84c6-e74d-8f574c65446c}.Debug|Any CPU.ActiveCfg = Debug|Any CPU
		{ad88e7f3-6ae9-84c6-e74d-8f574c65446c}.Debug|Any CPU.Build.0 = Debug|Any CPU
		{ad88e7f3-6ae9-84c6-e74d-8f574c65446c}.Release|Any CPU.ActiveCfg = Release|Any CPU
		{ad88e7f3-6ae9-84c6-e74d-8f574c65446c}.Release|Any CPU.Build.0 = Release|Any CPU
		{32d79dd3-d779-0d23-d7af-103705b24cba}.Debug|Any CPU.ActiveCfg = Debug|Any CPU
		{32d79dd3-d779-0d23-d7af-103705b24cba}.Debug|Any CPU.Build.0 = Debug|Any CPU
		{32d79dd3-d779-0d23-d7af-103705b24cba}.Release|Any CPU.ActiveCfg = Release|Any CPU
		{32d79dd3-d779-0d23-d7af-103705b24cba}.Release|Any CPU.Build.0 = Release|Any CPU
		{013fcbb1-c30e-60c4-3c57-dc17853f8be4}.Debug|Any CPU.ActiveCfg = Debug|Any CPU
		{013fcbb1-c30e-60c4-3c57-dc17853f8be4}.Debug|Any CPU.Build.0 = Debug|Any CPU
		{013fcbb1-c30e-60c4-3c57-dc17853f8be4}.Release|Any CPU.ActiveCfg = Release|Any CPU
		{013fcbb1-c30e-60c4-3c57-dc17853f8be4}.Release|Any CPU.Build.0 = Release|Any CPU
		{ebf57f33-3003-d9ef-cbac-43d322c1d65b}.Debug|Any CPU.ActiveCfg = Debug|Any CPU
		{ebf57f33-3003-d9ef-cbac-43d322c1d65b}.Debug|Any CPU.Build.0 = Debug|Any CPU
		{ebf57f33-3003-d9ef-cbac-43d322c1d65b}.Release|Any CPU.ActiveCfg = Release|Any CPU
		{ebf57f33-3003-d9ef-cbac-43d322c1d65b}.Release|Any CPU.Build.0 = Release|Any CPU
		{73cbad93-0363-2c90-d920-3502c499bbf1}.Debug|Any CPU.ActiveCfg = Debug|Any CPU
		{73cbad93-0363-2c90-d920-3502c499bbf1}.Debug|Any CPU.Build.0 = Debug|Any CPU
		{73cbad93-0363-2c90-d920-3502c499bbf1}.Release|Any CPU.ActiveCfg = Release|Any CPU
		{73cbad93-0363-2c90-d920-3502c499bbf1}.Release|Any CPU.Build.0 = Release|Any CPU
		{fd1dc4d1-f784-029c-93ea-dca5a95d4c7e}.Debug|Any CPU.ActiveCfg = Debug|Any CPU
		{fd1dc4d1-f784-029c-93ea-dca5a95d4c7e}.Debug|Any CPU.Build.0 = Debug|Any CPU
		{fd1dc4d1-f784-029c-93ea-dca5a95d4c7e}.Release|Any CPU.ActiveCfg = Release|Any CPU
		{fd1dc4d1-f784-029c-93ea-dca5a95d4c7e}.Release|Any CPU.Build.0 = Release|Any CPU
		{8446ba97-ea97-94fa-8b2a-7885aeef546b}.Debug|Any CPU.ActiveCfg = Debug|Any CPU
		{8446ba97-ea97-94fa-8b2a-7885aeef546b}.Debug|Any CPU.Build.0 = Debug|Any CPU
		{8446ba97-ea97-94fa-8b2a-7885aeef546b}.Release|Any CPU.ActiveCfg = Release|Any CPU
		{8446ba97-ea97-94fa-8b2a-7885aeef546b}.Release|Any CPU.Build.0 = Release|Any CPU
		{47013b86-1ca7-1a7c-1c58-53e4cc6ab868}.Debug|Any CPU.ActiveCfg = Debug|Any CPU
		{47013b86-1ca7-1a7c-1c58-53e4cc6ab868}.Debug|Any CPU.Build.0 = Debug|Any CPU
		{47013b86-1ca7-1a7c-1c58-53e4cc6ab868}.Release|Any CPU.ActiveCfg = Release|Any CPU
		{47013b86-1ca7-1a7c-1c58-53e4cc6ab868}.Release|Any CPU.Build.0 = Release|Any CPU
		{99d017b0-5982-2e83-ee03-d59c29cb8e5c}.Debug|Any CPU.ActiveCfg = Debug|Any CPU
		{99d017b0-5982-2e83-ee03-d59c29cb8e5c}.Debug|Any CPU.Build.0 = Debug|Any CPU
		{99d017b0-5982-2e83-ee03-d59c29cb8e5c}.Release|Any CPU.ActiveCfg = Release|Any CPU
		{99d017b0-5982-2e83-ee03-d59c29cb8e5c}.Release|Any CPU.Build.0 = Release|Any CPU
		{061f1375-5253-585a-2706-bbd508529146}.Debug|Any CPU.ActiveCfg = Debug|Any CPU
		{061f1375-5253-585a-2706-bbd508529146}.Debug|Any CPU.Build.0 = Debug|Any CPU
		{061f1375-5253-585a-2706-bbd508529146}.Release|Any CPU.ActiveCfg = Release|Any CPU
		{061f1375-5253-585a-2706-bbd508529146}.Release|Any CPU.Build.0 = Release|Any CPU
		{078c7043-7970-c350-200a-34f326b446f6}.Debug|Any CPU.ActiveCfg = Debug|Any CPU
		{078c7043-7970-c350-200a-34f326b446f6}.Debug|Any CPU.Build.0 = Debug|Any CPU
		{078c7043-7970-c350-200a-34f326b446f6}.Release|Any CPU.ActiveCfg = Release|Any CPU
		{078c7043-7970-c350-200a-34f326b446f6}.Release|Any CPU.Build.0 = Release|Any CPU
		{b0ca680a-2d13-f6a6-6afd-d0bcf1e51334}.Debug|Any CPU.ActiveCfg = Debug|Any CPU
		{b0ca680a-2d13-f6a6-6afd-d0bcf1e51334}.Debug|Any CPU.Build.0 = Debug|Any CPU
		{b0ca680a-2d13-f6a6-6afd-d0bcf1e51334}.Release|Any CPU.ActiveCfg = Release|Any CPU
		{b0ca680a-2d13-f6a6-6afd-d0bcf1e51334}.Release|Any CPU.Build.0 = Release|Any CPU
		{943b04dd-afa3-d363-aee1-95a121b9d5ae}.Debug|Any CPU.ActiveCfg = Debug|Any CPU
		{943b04dd-afa3-d363-aee1-95a121b9d5ae}.Debug|Any CPU.Build.0 = Debug|Any CPU
		{943b04dd-afa3-d363-aee1-95a121b9d5ae}.Release|Any CPU.ActiveCfg = Release|Any CPU
		{943b04dd-afa3-d363-aee1-95a121b9d5ae}.Release|Any CPU.Build.0 = Release|Any CPU
		{cd7bc37d-323c-92f1-0e3d-9f689f370b42}.Debug|Any CPU.ActiveCfg = Debug|Any CPU
		{cd7bc37d-323c-92f1-0e3d-9f689f370b42}.Debug|Any CPU.Build.0 = Debug|Any CPU
		{cd7bc37d-323c-92f1-0e3d-9f689f370b42}.Release|Any CPU.ActiveCfg = Release|Any CPU
		{cd7bc37d-323c-92f1-0e3d-9f689f370b42}.Release|Any CPU.Build.0 = Release|Any CPU
		{f6eee565-a71e-e29e-2bb9-ea267c391386}.Debug|Any CPU.ActiveCfg = Debug|Any CPU
		{f6eee565-a71e-e29e-2bb9-ea267c391386}.Debug|Any CPU.Build.0 = Debug|Any CPU
		{f6eee565-a71e-e29e-2bb9-ea267c391386}.Release|Any CPU.ActiveCfg = Release|Any CPU
		{f6eee565-a71e-e29e-2bb9-ea267c391386}.Release|Any CPU.Build.0 = Release|Any CPU
		{2d68f644-a8a5-95cd-d895-2392b040a447}.Debug|Any CPU.ActiveCfg = Debug|Any CPU
		{2d68f644-a8a5-95cd-d895-2392b040a447}.Debug|Any CPU.Build.0 = Debug|Any CPU
		{2d68f644-a8a5-95cd-d895-2392b040a447}.Release|Any CPU.ActiveCfg = Release|Any CPU
		{2d68f644-a8a5-95cd-d895-2392b040a447}.Release|Any CPU.Build.0 = Release|Any CPU
		{be4abc1b-1649-8a0b-e264-f61c0300005b}.Debug|Any CPU.ActiveCfg = Debug|Any CPU
		{be4abc1b-1649-8a0b-e264-f61c0300005b}.Debug|Any CPU.Build.0 = Debug|Any CPU
		{be4abc1b-1649-8a0b-e264-f61c0300005b}.Release|Any CPU.ActiveCfg = Release|Any CPU
		{be4abc1b-1649-8a0b-e264-f61c0300005b}.Release|Any CPU.Build.0 = Release|Any CPU
		{4cb1f4c2-f287-a615-c7a9-091b018d07fb}.Debug|Any CPU.ActiveCfg = Debug|Any CPU
		{4cb1f4c2-f287-a615-c7a9-091b018d07fb}.Debug|Any CPU.Build.0 = Debug|Any CPU
		{4cb1f4c2-f287-a615-c7a9-091b018d07fb}.Release|Any CPU.ActiveCfg = Release|Any CPU
		{4cb1f4c2-f287-a615-c7a9-091b018d07fb}.Release|Any CPU.Build.0 = Release|Any CPU
		{406ee561-7531-9059-927d-7aaed28ce43a}.Debug|Any CPU.ActiveCfg = Debug|Any CPU
		{406ee561-7531-9059-927d-7aaed28ce43a}.Debug|Any CPU.Build.0 = Debug|Any CPU
		{406ee561-7531-9059-927d-7aaed28ce43a}.Release|Any CPU.ActiveCfg = Release|Any CPU
		{406ee561-7531-9059-927d-7aaed28ce43a}.Release|Any CPU.Build.0 = Release|Any CPU
		{92ace289-181e-9ef5-a91d-43e1a5acec63}.Debug|Any CPU.ActiveCfg = Debug|Any CPU
		{92ace289-181e-9ef5-a91d-43e1a5acec63}.Debug|Any CPU.Build.0 = Debug|Any CPU
		{92ace289-181e-9ef5-a91d-43e1a5acec63}.Release|Any CPU.ActiveCfg = Release|Any CPU
		{92ace289-181e-9ef5-a91d-43e1a5acec63}.Release|Any CPU.Build.0 = Release|Any CPU
		{1a46967a-2b3d-57e8-4ac3-fb72666b96e1}.Debug|Any CPU.ActiveCfg = Debug|Any CPU
		{1a46967a-2b3d-57e8-4ac3-fb72666b96e1}.Debug|Any CPU.Build.0 = Debug|Any CPU
		{1a46967a-2b3d-57e8-4ac3-fb72666b96e1}.Release|Any CPU.ActiveCfg = Release|Any CPU
		{1a46967a-2b3d-57e8-4ac3-fb72666b96e1}.Release|Any CPU.Build.0 = Release|Any CPU
		{dd95c86f-2e90-a316-eede-f7a6fc363c49}.Debug|Any CPU.ActiveCfg = Debug|Any CPU
		{dd95c86f-2e90-a316-eede-f7a6fc363c49}.Debug|Any CPU.Build.0 = Debug|Any CPU
		{dd95c86f-2e90-a316-eede-f7a6fc363c49}.Release|Any CPU.ActiveCfg = Release|Any CPU
		{dd95c86f-2e90-a316-eede-f7a6fc363c49}.Release|Any CPU.Build.0 = Release|Any CPU
		{b0a2a5c9-f2db-7aaa-ae13-017e62dc8176}.Debug|Any CPU.ActiveCfg = Debug|Any CPU
		{b0a2a5c9-f2db-7aaa-ae13-017e62dc8176}.Debug|Any CPU.Build.0 = Debug|Any CPU
		{b0a2a5c9-f2db-7aaa-ae13-017e62dc8176}.Release|Any CPU.ActiveCfg = Release|Any CPU
		{b0a2a5c9-f2db-7aaa-ae13-017e62dc8176}.Release|Any CPU.Build.0 = Release|Any CPU
		{57c07231-6afd-bb43-b6c8-8a81e7323f75}.Debug|Any CPU.ActiveCfg = Debug|Any CPU
		{57c07231-6afd-bb43-b6c8-8a81e7323f75}.Debug|Any CPU.Build.0 = Debug|Any CPU
		{57c07231-6afd-bb43-b6c8-8a81e7323f75}.Release|Any CPU.ActiveCfg = Release|Any CPU
		{57c07231-6afd-bb43-b6c8-8a81e7323f75}.Release|Any CPU.Build.0 = Release|Any CPU
		{8bcfdaa0-fe51-3342-0c88-3a02fe44ba6f}.Debug|Any CPU.ActiveCfg = Debug|Any CPU
		{8bcfdaa0-fe51-3342-0c88-3a02fe44ba6f}.Debug|Any CPU.Build.0 = Debug|Any CPU
		{8bcfdaa0-fe51-3342-0c88-3a02fe44ba6f}.Release|Any CPU.ActiveCfg = Release|Any CPU
		{8bcfdaa0-fe51-3342-0c88-3a02fe44ba6f}.Release|Any CPU.Build.0 = Release|Any CPU
		{e877fe72-ebb0-0ef9-6bd0-e05191dc8951}.Debug|Any CPU.ActiveCfg = Debug|Any CPU
		{e877fe72-ebb0-0ef9-6bd0-e05191dc8951}.Debug|Any CPU.Build.0 = Debug|Any CPU
		{e877fe72-ebb0-0ef9-6bd0-e05191dc8951}.Release|Any CPU.ActiveCfg = Release|Any CPU
		{e877fe72-ebb0-0ef9-6bd0-e05191dc8951}.Release|Any CPU.Build.0 = Release|Any CPU
		{91b641d3-85e0-ad14-1197-d94a3f70352b}.Debug|Any CPU.ActiveCfg = Debug|Any CPU
		{91b641d3-85e0-ad14-1197-d94a3f70352b}.Debug|Any CPU.Build.0 = Debug|Any CPU
		{91b641d3-85e0-ad14-1197-d94a3f70352b}.Release|Any CPU.ActiveCfg = Release|Any CPU
		{91b641d3-85e0-ad14-1197-d94a3f70352b}.Release|Any CPU.Build.0 = Release|Any CPU
		{794ae9a4-edc5-1e1e-a242-0461afef3fb3}.Debug|Any CPU.ActiveCfg = Debug|Any CPU
		{794ae9a4-edc5-1e1e-a242-0461afef3fb3}.Debug|Any CPU.Build.0 = Debug|Any CPU
		{794ae9a4-edc5-1e1e-a242-0461afef3fb3}.Release|Any CPU.ActiveCfg = Release|Any CPU
		{794ae9a4-edc5-1e1e-a242-0461afef3fb3}.Release|Any CPU.Build.0 = Release|Any CPU
	EndGlobalSection
	GlobalSection(SolutionProperties) = preSolution
		HideSolutionNode = FALSE
	EndGlobalSection
EndGlobal
